# Generated by :Fabric:syncNeoForgeSources. Do not edit.
# Upstream hashes of 'owned' files are used by :Fabric:checkNeoForgeSources to detect drift.
neoforge.version=26.3.0.10-beta
network/codec/NeoForgeStreamCodecs.java=21aaa9bd59d669eee226f935acf0bd96b02478ce4427e18ad8728e41297827e7
registries/IRegistryExtension.java=2c73447655ada216990575ba248822ee05bab688a3bcd5e68f7748aef6be20b6
registries/RegistryManager.java=b47f7aff89525f91b0f6f973a62c51380f3ba658ed4d09026b36f73e59510b9f
resource/ContextAwareReloadListener.java=cdbcdf3572f0193a5be590d7f5e284842b8804b59eab31082576078a71bd32bc
