# Generated by :Fabric:syncNeoForgeSources. Do not edit.
# Upstream hashes of 'owned' files are used by :Fabric:checkNeoForgeSources to detect drift.
neoforge.version=26.3.0.10-beta
client/registries/ClientRegistryManager.java=b8ecc8bd3ddddb53f50c10093bfcdccd33bb8952f449dd240e320e28888914a8
common/data/DataMapProvider.java=beea16e7ed254614d489d22fe3715418427a5105ea1eec348450401dfc2695bf
network/configuration/RegistryDataMapNegotiation.java=4d2fd2da65181e19b11606116473bb6750888ffcb432abada8c24b0a304e13a7
network/payload/RegistryDataMapSyncPayload.java=236ad74e88f71602f4ad181dca8cd955d912045c7949a03b375c52a1fea49e35
registries/DataMapLoader.java=d4da6699936e1dc977d0a50b0c00f875d9a2a3fe876417a7b6bcd69f8f2b29c5
registries/IRegistryExtension.java=2c73447655ada216990575ba248822ee05bab688a3bcd5e68f7748aef6be20b6
registries/RegistryManager.java=b47f7aff89525f91b0f6f973a62c51380f3ba658ed4d09026b36f73e59510b9f
